
Microsoft Visual Studio Solution File, Format Version 12.00
# Visual Studio Version 16
VisualStudioVersion = 16.0.30204.135
MinimumVisualStudioVersion = 10.0.40219.1
Project("{FAE04EC0-301F-11D3-BF4B-00C04F79EFBC}") = "ORS3_OS", "ORS3_OS.csproj", "{8217F9FB-5881-486E-8EA5-5623231EABA3}"
EndProject
Global
	GlobalSection(SolutionConfigurationPlatforms) = preSolution
		Debug|Any CPU = Debug|Any CPU
		Release|Any CPU = Release|Any CPU
	EndGlobalSection
	GlobalSection(ProjectConfigurationPlatforms) = postSolution
		{8217F9FB-5881-486E-8EA5-5623231EABA3}.Debug|Any CPU.ActiveCfg = Debug|Any CPU
		{8217F9FB-5881-486E-8EA5-5623231EABA3}.Debug|Any CPU.Build.0 = Debug|Any CPU
		{8217F9FB-5881-486E-8EA5-5623231EABA3}.Release|Any CPU.ActiveCfg = Release|Any CPU
		{8217F9FB-5881-486E-8EA5-5623231EABA3}.Release|Any CPU.Build.0 = Release|Any CPU
	EndGlobalSection
	GlobalSection(SolutionProperties) = preSolution
		HideSolutionNode = FALSE
	EndGlobalSection
	GlobalSection(ExtensibilityGlobals) = postSolution
		SolutionGuid = {05DC2E6A-B6B3-46BF-A898-1ED63817878C}
	EndGlobalSection
EndGlobal
